{
  "nodes": {
    "circt-src": {
      "flake": false,
      "locked": {
        "lastModified": 1778616762,
        "narHash": "sha256-0Di1jP4HNSODbpYHjVJArBnnOXmXr8WrVGT4UI/8wBw=",
        "owner": "llvm",
        "repo": "circt",
        "rev": "96997a18c388f8c7a05344f3f39805bd7856236a",
        "type": "github"
      },
      "original": {
        "owner": "llvm",
        "repo": "circt",
        "rev": "96997a18c388f8c7a05344f3f39805bd7856236a",
        "type": "github"
      }
    },
    "llvm-project-src": {
      "flake": false,
      "locked": {
        "lastModified": 1778273764,
        "narHash": "sha256-huZDbah06gOZAUEpda43xFPsRxFdHwXFBMRu1ZLXVb8=",
        "owner": "llvm",
        "repo": "llvm-project",
        "rev": "a47d3636f953870d96fb6cc68817365fdad2f9fe",
        "type": "github"
      },
      "original": {
        "owner": "llvm",
        "repo": "llvm-project",
        "rev": "a47d3636f953870d96fb6cc68817365fdad2f9fe",
        "type": "github"
      }
    },
    "nixpkgs": {
      "locked": {
        "lastModified": 1779971959,
        "narHash": "sha256-R5nauXyqyfRUFiZycFFZdkF7wl6eaUpPLst35+2nJQY=",
        "owner": "NixOS",
        "repo": "nixpkgs",
        "rev": "ec942ba042dad5ef097e2ef3a3effc034241f011",
        "type": "github"
      },
      "original": {
        "owner": "NixOS",
        "ref": "nixos-26.05",
        "repo": "nixpkgs",
        "type": "github"
      }
    },
    "rival3-src": {
      "flake": false,
      "locked": {
        "lastModified": 1775788628,
        "narHash": "sha256-fnIvGCaiHqCM+ANwfLSQMTNQXw4VAewXeXU8iWePx9Y=",
        "owner": "herbie-fp",
        "repo": "rival3",
        "rev": "8bc5eca5079497a41d37e20a66c833080c92c0ed",
        "type": "github"
      },
      "original": {
        "owner": "herbie-fp",
        "repo": "rival3",
        "rev": "8bc5eca5079497a41d37e20a66c833080c92c0ed",
        "type": "github"
      }
    },
    "root": {
      "inputs": {
        "circt-src": "circt-src",
        "llvm-project-src": "llvm-project-src",
        "nixpkgs": "nixpkgs",
        "rival3-src": "rival3-src",
        "rust-overlay": "rust-overlay"
      }
    },
    "rust-overlay": {
      "inputs": {
        "nixpkgs": [
          "nixpkgs"
        ]
      },
      "locked": {
        "lastModified": 1775790837,
        "narHash": "sha256-RAHjn8sjgfF3D17BaV8iv69o3P+L9aCuE36PFwzoqHU=",
        "owner": "oxalica",
        "repo": "rust-overlay",
        "rev": "c913e0b9525311f103b7e1463ebb0f28c6865d8d",
        "type": "github"
      },
      "original": {
        "owner": "oxalica",
        "repo": "rust-overlay",
        "type": "github"
      }
    }
  },
  "root": "root",
  "version": 7
}
